
Microsoft Visual Studio Solution File, Format Version 12.00
# Visual Studio Version 17
VisualStudioVersion = 17.3.32929.385
MinimumVisualStudioVersion = 10.0.40219.1
Project("{FAE04EC0-301F-11D3-BF4B-00C04F79EFBC}") = "ISRPO_Palashicheva_PR14", "ISRPO_Palashicheva_PR14.csproj", "{050BB06A-8D1F-4F0E-8DC1-FC5F49C477FA}"
EndProject
Global
	GlobalSection(SolutionConfigurationPlatforms) = preSolution
		Debug|Any CPU = Debug|Any CPU
		Release|Any CPU = Release|Any CPU
	EndGlobalSection
	GlobalSection(ProjectConfigurationPlatforms) = postSolution
		{050BB06A-8D1F-4F0E-8DC1-FC5F49C477FA}.Debug|Any CPU.ActiveCfg = Debug|Any CPU
		{050BB06A-8D1F-4F0E-8DC1-FC5F49C477FA}.Debug|Any CPU.Build.0 = Debug|Any CPU
		{050BB06A-8D1F-4F0E-8DC1-FC5F49C477FA}.Release|Any CPU.ActiveCfg = Release|Any CPU
		{050BB06A-8D1F-4F0E-8DC1-FC5F49C477FA}.Release|Any CPU.Build.0 = Release|Any CPU
	EndGlobalSection
	GlobalSection(SolutionProperties) = preSolution
		HideSolutionNode = FALSE
	EndGlobalSection
	GlobalSection(ExtensibilityGlobals) = postSolution
		SolutionGuid = {D6687B00-DA56-45F0-8E7F-DC5E41B626F2}
	EndGlobalSection
EndGlobal
